
Microsoft Visual Studio Solution File, Format Version 12.00
# Visual Studio Version 16
VisualStudioVersion = 16.0.29519.87
MinimumVisualStudioVersion = 10.0.40219.1
Project("{FAE04EC0-301F-11D3-BF4B-00C04F79EFBC}") = "Xadrez", "Xadrez\Xadrez.csproj", "{55710267-A837-4148-A00C-B55354B68E8C}"
EndProject
Global
	GlobalSection(SolutionConfigurationPlatforms) = preSolution
		Debug|Any CPU = Debug|Any CPU
		Release|Any CPU = Release|Any CPU
	EndGlobalSection
	GlobalSection(ProjectConfigurationPlatforms) = postSolution
		{55710267-A837-4148-A00C-B55354B68E8C}.Debug|Any CPU.ActiveCfg = Debug|Any CPU
		{55710267-A837-4148-A00C-B55354B68E8C}.Debug|Any CPU.Build.0 = Debug|Any CPU
		{55710267-A837-4148-A00C-B55354B68E8C}.Release|Any CPU.ActiveCfg = Release|Any CPU
		{55710267-A837-4148-A00C-B55354B68E8C}.Release|Any CPU.Build.0 = Release|Any CPU
	EndGlobalSection
	GlobalSection(SolutionProperties) = preSolution
		HideSolutionNode = FALSE
	EndGlobalSection
	GlobalSection(ExtensibilityGlobals) = postSolution
		SolutionGuid = {F2C86CE1-CF7C-4838-87FC-9DA4E183A877}
	EndGlobalSection
EndGlobal
